// !$*UTF8*$!
{
	archiveVersion = 1;
	classes = {
	};
	objectVersion = 51;
	objects = {

/* Begin PBXBuildFile section */
		101904B32595B766008686DB /* InputContainerView.swift in Sources */ = {isa = PBXBuildFile; fileRef = 101904B22595B766008686DB /* InputContainerView.swift */; };
		101904B62595BB9E008686DB /* CustomTextField.swift in Sources */ = {isa = PBXBuildFile; fileRef = 101904B52595BB9E008686DB /* CustomTextField.swift */; };
		101904B925962961008686DB /* LoginViewModel.swift in Sources */ = {isa = PBXBuildFile; fileRef = 101904B825962961008686DB /* LoginViewModel.swift */; };
		101904BC25966DD6008686DB /* RegistrationViewModel.swift in Sources */ = {isa = PBXBuildFile; fileRef = 101904BB25966DD6008686DB /* RegistrationViewModel.swift */; };
		1035B50B25990EA300B35AC1 /* NewMessageController.swift in Sources */ = {isa = PBXBuildFile; fileRef = 1035B50A25990EA300B35AC1 /* NewMessageController.swift */; };
		10BA28F025978CEF00418144 /* AuthService.swift in Sources */ = {isa = PBXBuildFile; fileRef = 10BA28EF25978CEF00418144 /* AuthService.swift */; };
		10D1ABEB25944B1D00A28A51 /* AppDelegate.swift in Sources */ = {isa = PBXBuildFile; fileRef = 10D1ABEA25944B1D00A28A51 /* AppDelegate.swift */; };
		10D1ABED25944B1D00A28A51 /* SceneDelegate.swift in Sources */ = {isa = PBXBuildFile; fileRef = 10D1ABEC25944B1D00A28A51 /* SceneDelegate.swift */; };
		10D1ABEF25944B1D00A28A51 /* ViewController.swift in Sources */ = {isa = PBXBuildFile; fileRef = 10D1ABEE25944B1D00A28A51 /* ViewController.swift */; };
		10D1ABF225944B1D00A28A51 /* Main.storyboard in Resources */ = {isa = PBXBuildFile; fileRef = 10D1ABF025944B1D00A28A51 /* Main.storyboard */; };
		10D1ABF425944B1E00A28A51 /* Assets.xcassets in Resources */ = {isa = PBXBuildFile; fileRef = 10D1ABF325944B1E00A28A51 /* Assets.xcassets */; };
		10D1ABF725944B1E00A28A51 /* LaunchScreen.storyboard in Resources */ = {isa = PBXBuildFile; fileRef = 10D1ABF525944B1E00A28A51 /* LaunchScreen.storyboard */; };
		10D1AC0825947DCD00A28A51 /* ConversationsViewController.swift in Sources */ = {isa = PBXBuildFile; fileRef = 10D1AC0725947DCD00A28A51 /* ConversationsViewController.swift */; };
		10D1AC0E2594E09100A28A51 /* LoginViewController.swift in Sources */ = {isa = PBXBuildFile; fileRef = 10D1AC0D2594E09100A28A51 /* LoginViewController.swift */; };
		10D1AC122594E1E500A28A51 /* RegistrationViewController.swift in Sources */ = {isa = PBXBuildFile; fileRef = 10D1AC112594E1E500A28A51 /* RegistrationViewController.swift */; };
		10D1AC152594EE7700A28A51 /* Extensions.swift in Sources */ = {isa = PBXBuildFile; fileRef = 10D1AC142594EE7700A28A51 /* Extensions.swift */; };
		10D862A1259724A400A9C4C9 /* GoogleService-Info.plist in Resources */ = {isa = PBXBuildFile; fileRef = 10D862A0259724A400A9C4C9 /* GoogleService-Info.plist */; };
		10DB34DB259BA99A003429D2 /* UserCell.swift in Sources */ = {isa = PBXBuildFile; fileRef = 10DB34DA259BA99A003429D2 /* UserCell.swift */; };
		C071BA2ABCB18BC59AFCDB07 /* Pods_FireChat.framework in Frameworks */ = {isa = PBXBuildFile; fileRef = 64413E5F124CD9D085757B33 /* Pods_FireChat.framework */; };
/* End PBXBuildFile section */

/* Begin PBXFileReference section */
		101904B22595B766008686DB /* InputContainerView.swift */ = {isa = PBXFileReference; lastKnownFileType = sourcecode.swift; path = InputContainerView.swift; sourceTree = "<group>"; };
		101904B52595BB9E008686DB /* CustomTextField.swift */ = {isa = PBXFileReference; lastKnownFileType = sourcecode.swift; path = CustomTextField.swift; sourceTree = "<group>"; };
		101904B825962961008686DB /* LoginViewModel.swift */ = {isa = PBXFileReference; lastKnownFileType = sourcecode.swift; path = LoginViewModel.swift; sourceTree = "<group>"; };
		101904BB25966DD6008686DB /* RegistrationViewModel.swift */ = {isa = PBXFileReference; lastKnownFileType = sourcecode.swift; path = RegistrationViewModel.swift; sourceTree = "<group>"; };
		1035B50A25990EA300B35AC1 /* NewMessageController.swift */ = {isa = PBXFileReference; lastKnownFileType = sourcecode.swift; path = NewMessageController.swift; sourceTree = "<group>"; };
		10BA28EF25978CEF00418144 /* AuthService.swift */ = {isa = PBXFileReference; lastKnownFileType = sourcecode.swift; path = AuthService.swift; sourceTree = "<group>"; };
		10D1ABE725944B1D00A28A51 /* FireChat.app */ = {isa = PBXFileReference; explicitFileType = wrapper.application; includeInIndex = 0; path = FireChat.app; sourceTree = BUILT_PRODUCTS_DIR; };
		10D1ABEA25944B1D00A28A51 /* AppDelegate.swift */ = {isa = PBXFileReference; lastKnownFileType = sourcecode.swift; path = AppDelegate.swift; sourceTree = "<group>"; };
		10D1ABEC25944B1D00A28A51 /* SceneDelegate.swift */ = {isa = PBXFileReference; lastKnownFileType = sourcecode.swift; path = SceneDelegate.swift; sourceTree = "<group>"; };
		10D1ABEE25944B1D00A28A51 /* ViewController.swift */ = {isa = PBXFileReference; lastKnownFileType = sourcecode.swift; path = ViewController.swift; sourceTree = "<group>"; };
		10D1ABF125944B1D00A28A51 /* Base */ = {isa = PBXFileReference; lastKnownFileType = file.storyboard; name = Base; path = Base.lproj/Main.storyboard; sourceTree = "<group>"; };
		10D1ABF325944B1E00A28A51 /* Assets.xcassets */ = {isa = PBXFileReference; lastKnownFileType = folder.assetcatalog; path = Assets.xcassets; sourceTree = "<group>"; };
		10D1ABF625944B1E00A28A51 /* Base */ = {isa = PBXFileReference; lastKnownFileType = file.storyboard; name = Base; path = Base.lproj/LaunchScreen.storyboard; sourceTree = "<group>"; };
		10D1ABF825944B1E00A28A51 /* Info.plist */ = {isa = PBXFileReference; lastKnownFileType = text.plist.xml; path = Info.plist; sourceTree = "<group>"; };
		10D1AC0725947DCD00A28A51 /* ConversationsViewController.swift */ = {isa = PBXFileReference; lastKnownFileType = sourcecode.swift; path = ConversationsViewController.swift; sourceTree = "<group>"; };
		10D1AC0D2594E09100A28A51 /* LoginViewController.swift */ = {isa = PBXFileReference; lastKnownFileType = sourcecode.swift; path = LoginViewController.swift; sourceTree = "<group>"; };
		10D1AC112594E1E500A28A51 /* RegistrationViewController.swift */ = {isa = PBXFileReference; lastKnownFileType = sourcecode.swift; path = RegistrationViewController.swift; sourceTree = "<group>"; };
		10D1AC142594EE7700A28A51 /* Extensions.swift */ = {isa = PBXFileReference; lastKnownFileType = sourcecode.swift; path = Extensions.swift; sourceTree = "<group>"; };
		10D862A0259724A400A9C4C9 /* GoogleService-Info.plist */ = {isa = PBXFileReference; fileEncoding = 4; lastKnownFileType = text.plist.xml; path = "GoogleService-Info.plist"; sourceTree = "<group>"; };
		10DB34DA259BA99A003429D2 /* UserCell.swift */ = {isa = PBXFileReference; lastKnownFileType = sourcecode.swift; path = UserCell.swift; sourceTree = "<group>"; };
		64413E5F124CD9D085757B33 /* Pods_FireChat.framework */ = {isa = PBXFileReference; explicitFileType = wrapper.framework; includeInIndex = 0; path = Pods_FireChat.framework; sourceTree = BUILT_PRODUCTS_DIR; };
		6E0E8A6DF78499CB178C8020 /* Pods-FireChat.release.xcconfig */ = {isa = PBXFileReference; includeInIndex = 1; lastKnownFileType = text.xcconfig; name = "Pods-FireChat.release.xcconfig"; path = "Target Support Files/Pods-FireChat/Pods-FireChat.release.xcconfig"; sourceTree = "<group>"; };
		E1AE6C03F78218706395B575 /* Pods-FireChat.debug.xcconfig */ = {isa = PBXFileReference; includeInIndex = 1; lastKnownFileType = text.xcconfig; name = "Pods-FireChat.debug.xcconfig"; path = "Target Support Files/Pods-FireChat/Pods-FireChat.debug.xcconfig"; sourceTree = "<group>"; };
/* End PBXFileReference section */

/* Begin PBXFrameworksBuildPhase section */
		10D1ABE425944B1D00A28A51 /* Frameworks */ = {
			isa = PBXFrameworksBuildPhase;
			buildActionMask = 2147483647;
			files = (
				C071BA2ABCB18BC59AFCDB07 /* Pods_FireChat.framework in Frameworks */,
			);
			runOnlyForDeploymentPostprocessing = 0;
		};
/* End PBXFrameworksBuildPhase section */

/* Begin PBXGroup section */
		101904BE25966DE4008686DB /* Authentication */ = {
			isa = PBXGroup;
			children = (
				101904B825962961008686DB /* LoginViewModel.swift */,
				101904BB25966DD6008686DB /* RegistrationViewModel.swift */,
			);
			path = Authentication;
			sourceTree = "<group>";
		};
		10D1ABDE25944B1D00A28A51 = {
			isa = PBXGroup;
			children = (
				10D1ABE925944B1D00A28A51 /* FireChat */,
				10D1ABE825944B1D00A28A51 /* Products */,
				B804372412B2C17ACD5A1820 /* Pods */,
				FF65B66986C5F26C8A58EE77 /* Frameworks */,
			);
			sourceTree = "<group>";
		};
		10D1ABE825944B1D00A28A51 /* Products */ = {
			isa = PBXGroup;
			children = (
				10D1ABE725944B1D00A28A51 /* FireChat.app */,
			);
			name = Products;
			sourceTree = "<group>";
		};
		10D1ABE925944B1D00A28A51 /* FireChat */ = {
			isa = PBXGroup;
			children = (
				10D1AC0625947D7900A28A51 /* Model */,
				10D1AC0525947D7800A28A51 /* View */,
				10D1AC0425947D7700A28A51 /* ViewModel */,
				10D1AC0325947D7600A28A51 /* Controller */,
				10D1AC0225947D7400A28A51 /* API */,
				10D1ABFF25947D6B00A28A51 /* Utils */,
				10D1ABEA25944B1D00A28A51 /* AppDelegate.swift */,
				10D1ABEC25944B1D00A28A51 /* SceneDelegate.swift */,
				10D1ABEE25944B1D00A28A51 /* ViewController.swift */,
				10D1ABF025944B1D00A28A51 /* Main.storyboard */,
				10D1ABF325944B1E00A28A51 /* Assets.xcassets */,
				10D1ABF525944B1E00A28A51 /* LaunchScreen.storyboard */,
				10D862A0259724A400A9C4C9 /* GoogleService-Info.plist */,
				10D1ABF825944B1E00A28A51 /* Info.plist */,
			);
			path = FireChat;
			sourceTree = "<group>";
		};
		10D1ABFF25947D6B00A28A51 /* Utils */ = {
			isa = PBXGroup;
			children = (
				10D1AC142594EE7700A28A51 /* Extensions.swift */,
			);
			path = Utils;
			sourceTree = "<group>";
		};
		10D1AC0225947D7400A28A51 /* API */ = {
			isa = PBXGroup;
			children = (
				10BA28EF25978CEF00418144 /* AuthService.swift */,
			);
			path = API;
			sourceTree = "<group>";
		};
		10D1AC0325947D7600A28A51 /* Controller */ = {
			isa = PBXGroup;
			children = (
				10D1AC0C2594E06C00A28A51 /* Authentication */,
				10D1AC0725947DCD00A28A51 /* ConversationsViewController.swift */,
				1035B50A25990EA300B35AC1 /* NewMessageController.swift */,
			);
			path = Controller;
			sourceTree = "<group>";
		};
		10D1AC0425947D7700A28A51 /* ViewModel */ = {
			isa = PBXGroup;
			children = (
				101904BE25966DE4008686DB /* Authentication */,
			);
			path = ViewModel;
			sourceTree = "<group>";
		};
		10D1AC0525947D7800A28A51 /* View */ = {
			isa = PBXGroup;
			children = (
				101904B22595B766008686DB /* InputContainerView.swift */,
				101904B52595BB9E008686DB /* CustomTextField.swift */,
				10DB34DA259BA99A003429D2 /* UserCell.swift */,
			);
			path = View;
			sourceTree = "<group>";
		};
		10D1AC0625947D7900A28A51 /* Model */ = {
			isa = PBXGroup;
			children = (
			);
			path = Model;
			sourceTree = "<group>";
		};
		10D1AC0C2594E06C00A28A51 /* Authentication */ = {
			isa = PBXGroup;
			children = (
				10D1AC0D2594E09100A28A51 /* LoginViewController.swift */,
				10D1AC112594E1E500A28A51 /* RegistrationViewController.swift */,
			);
			path = Authentication;
			sourceTree = "<group>";
		};
		B804372412B2C17ACD5A1820 /* Pods */ = {
			isa = PBXGroup;
			children = (
				E1AE6C03F78218706395B575 /* Pods-FireChat.debug.xcconfig */,
				6E0E8A6DF78499CB178C8020 /* Pods-FireChat.release.xcconfig */,
			);
			path = Pods;
			sourceTree = "<group>";
		};
		FF65B66986C5F26C8A58EE77 /* Frameworks */ = {
			isa = PBXGroup;
			children = (
				64413E5F124CD9D085757B33 /* Pods_FireChat.framework */,
			);
			name = Frameworks;
			sourceTree = "<group>";
		};
/* End PBXGroup section */

/* Begin PBXNativeTarget section */
		10D1ABE625944B1D00A28A51 /* FireChat */ = {
			isa = PBXNativeTarget;
			buildConfigurationList = 10D1ABFB25944B1E00A28A51 /* Build configuration list for PBXNativeTarget "FireChat" */;
			buildPhases = (
				103AB07C5E8CF941F8DA2F0B /* [CP] Check Pods Manifest.lock */,
				10D1ABE325944B1D00A28A51 /* Sources */,
				10D1ABE425944B1D00A28A51 /* Frameworks */,
				10D1ABE525944B1D00A28A51 /* Resources */,
				97395541868B1991A71B972A /* [CP] Embed Pods Frameworks */,
			);
			buildRules = (
			);
			dependencies = (
			);
			name = FireChat;
			productName = FireChat;
			productReference = 10D1ABE725944B1D00A28A51 /* FireChat.app */;
			productType = "com.apple.product-type.application";
		};
/* End PBXNativeTarget section */

/* Begin PBXProject section */
		10D1ABDF25944B1D00A28A51 /* Project object */ = {
			isa = PBXProject;
			attributes = {
				LastSwiftUpdateCheck = 1200;
				LastUpgradeCheck = 1200;
				TargetAttributes = {
					10D1ABE625944B1D00A28A51 = {
						CreatedOnToolsVersion = 12.0.1;
					};
				};
			};
			buildConfigurationList = 10D1ABE225944B1D00A28A51 /* Build configuration list for PBXProject "FireChat" */;
			compatibilityVersion = "Xcode 9.3";
			developmentRegion = en;
			hasScannedForEncodings = 0;
			knownRegions = (
				en,
				Base,
			);
			mainGroup = 10D1ABDE25944B1D00A28A51;
			productRefGroup = 10D1ABE825944B1D00A28A51 /* Products */;
			projectDirPath = "";
			projectRoot = "";
			targets = (
				10D1ABE625944B1D00A28A51 /* FireChat */,
			);
		};
/* End PBXProject section */

/* Begin PBXResourcesBuildPhase section */
		10D1ABE525944B1D00A28A51 /* Resources */ = {
			isa = PBXResourcesBuildPhase;
			buildActionMask = 2147483647;
			files = (
				10D1ABF725944B1E00A28A51 /* LaunchScreen.storyboard in Resources */,
				10D862A1259724A400A9C4C9 /* GoogleService-Info.plist in Resources */,
				10D1ABF425944B1E00A28A51 /* Assets.xcassets in Resources */,
				10D1ABF225944B1D00A28A51 /* Main.storyboard in Resources */,
			);
			runOnlyForDeploymentPostprocessing = 0;
		};
/* End PBXResourcesBuildPhase section */

/* Begin PBXShellScriptBuildPhase section */
		103AB07C5E8CF941F8DA2F0B /* [CP] Check Pods Manifest.lock */ = {
			isa = PBXShellScriptBuildPhase;
			buildActionMask = 2147483647;
			files = (
			);
			inputFileListPaths = (
			);
			inputPaths = (
				"${PODS_PODFILE_DIR_PATH}/Podfile.lock",
				"${PODS_ROOT}/Manifest.lock",
			);
			name = "[CP] Check Pods Manifest.lock";
			outputFileListPaths = (
			);
			outputPaths = (
				"$(DERIVED_FILE_DIR)/Pods-FireChat-checkManifestLockResult.txt",
			);
			runOnlyForDeploymentPostprocessing = 0;
			shellPath = /bin/sh;
			shellScript = "diff \"${PODS_PODFILE_DIR_PATH}/Podfile.lock\" \"${PODS_ROOT}/Manifest.lock\" > /dev/null\nif [ $? != 0 ] ; then\n    # print error to STDERR\n    echo \"error: The sandbox is not in sync with the Podfile.lock. Run 'pod install' or update your CocoaPods installation.\" >&2\n    exit 1\nfi\n# This output is used by Xcode 'outputs' to avoid re-running this script phase.\necho \"SUCCESS\" > \"${SCRIPT_OUTPUT_FILE_0}\"\n";
			showEnvVarsInLog = 0;
		};
		97395541868B1991A71B972A /* [CP] Embed Pods Frameworks */ = {
			isa = PBXShellScriptBuildPhase;
			buildActionMask = 2147483647;
			files = (
			);
			inputFileListPaths = (
				"${PODS_ROOT}/Target Support Files/Pods-FireChat/Pods-FireChat-frameworks-${CONFIGURATION}-input-files.xcfilelist",
			);
			name = "[CP] Embed Pods Frameworks";
			outputFileListPaths = (
				"${PODS_ROOT}/Target Support Files/Pods-FireChat/Pods-FireChat-frameworks-${CONFIGURATION}-output-files.xcfilelist",
			);
			runOnlyForDeploymentPostprocessing = 0;
			shellPath = /bin/sh;
			shellScript = "\"${PODS_ROOT}/Target Support Files/Pods-FireChat/Pods-FireChat-frameworks.sh\"\n";
			showEnvVarsInLog = 0;
		};
/* End PBXShellScriptBuildPhase section */

/* Begin PBXSourcesBuildPhase section */
		10D1ABE325944B1D00A28A51 /* Sources */ = {
			isa = PBXSourcesBuildPhase;
			buildActionMask = 2147483647;
			files = (
				10D1AC122594E1E500A28A51 /* RegistrationViewController.swift in Sources */,
				101904BC25966DD6008686DB /* RegistrationViewModel.swift in Sources */,
				101904B32595B766008686DB /* InputContainerView.swift in Sources */,
				10BA28F025978CEF00418144 /* AuthService.swift in Sources */,
				10D1ABEF25944B1D00A28A51 /* ViewController.swift in Sources */,
				10D1ABEB25944B1D00A28A51 /* AppDelegate.swift in Sources */,
				10DB34DB259BA99A003429D2 /* UserCell.swift in Sources */,
				10D1ABED25944B1D00A28A51 /* SceneDelegate.swift in Sources */,
				10D1AC0E2594E09100A28A51 /* LoginViewController.swift in Sources */,
				10D1AC0825947DCD00A28A51 /* ConversationsViewController.swift in Sources */,
				10D1AC152594EE7700A28A51 /* Extensions.swift in Sources */,
				101904B925962961008686DB /* LoginViewModel.swift in Sources */,
				101904B62595BB9E008686DB /* CustomTextField.swift in Sources */,
				1035B50B25990EA300B35AC1 /* NewMessageController.swift in Sources */,
			);
			runOnlyForDeploymentPostprocessing = 0;
		};
/* End PBXSourcesBuildPhase section */

/* Begin PBXVariantGroup section */
		10D1ABF025944B1D00A28A51 /* Main.storyboard */ = {
			isa = PBXVariantGroup;
			children = (
				10D1ABF125944B1D00A28A51 /* Base */,
			);
			name = Main.storyboard;
			sourceTree = "<group>";
		};
		10D1ABF525944B1E00A28A51 /* LaunchScreen.storyboard */ = {
			isa = PBXVariantGroup;
			children = (
				10D1ABF625944B1E00A28A51 /* Base */,
			);
			name = LaunchScreen.storyboard;
			sourceTree = "<group>";
		};
/* End PBXVariantGroup section */

/* Begin XCBuildConfiguration section */
		10D1ABF925944B1E00A28A51 /* Debug */ = {
			isa = XCBuildConfiguration;
			buildSettings = {
				ALWAYS_SEARCH_USER_PATHS = NO;
				CLANG_ANALYZER_NONNULL = YES;
				CLANG_ANALYZER_NUMBER_OBJECT_CONVERSION = YES_AGGRESSIVE;
				CLANG_CXX_LANGUAGE_STANDARD = "gnu++14";
				CLANG_CXX_LIBRARY = "libc++";
				CLANG_ENABLE_MODULES = YES;
				CLANG_ENABLE_OBJC_ARC = YES;
				CLANG_ENABLE_OBJC_WEAK = YES;
				CLANG_WARN_BLOCK_CAPTURE_AUTORELEASING = YES;
				CLANG_WARN_BOOL_CONVERSION = YES;
				CLANG_WARN_COMMA = YES;
				CLANG_WARN_CONSTANT_CONVERSION = YES;
				CLANG_WARN_DEPRECATED_OBJC_IMPLEMENTATIONS = YES;
				CLANG_WARN_DIRECT_OBJC_ISA_USAGE = YES_ERROR;
				CLANG_WARN_DOCUMENTATION_COMMENTS = YES;
				CLANG_WARN_EMPTY_BODY = YES;
				CLANG_WARN_ENUM_CONVERSION = YES;
				CLANG_WARN_INFINITE_RECURSION = YES;
				CLANG_WARN_INT_CONVERSION = YES;
				CLANG_WARN_NON_LITERAL_NULL_CONVERSION = YES;
				CLANG_WARN_OBJC_IMPLICIT_RETAIN_SELF = YES;
				CLANG_WARN_OBJC_LITERAL_CONVERSION = YES;
				CLANG_WARN_OBJC_ROOT_CLASS = YES_ERROR;
				CLANG_WARN_QUOTED_INCLUDE_IN_FRAMEWORK_HEADER = YES;
				CLANG_WARN_RANGE_LOOP_ANALYSIS = YES;
				CLANG_WARN_STRICT_PROTOTYPES = YES;
				CLANG_WARN_SUSPICIOUS_MOVE = YES;
				CLANG_WARN_UNGUARDED_AVAILABILITY = YES_AGGRESSIVE;
				CLANG_WARN_UNREACHABLE_CODE = YES;
				CLANG_WARN__DUPLICATE_METHOD_MATCH = YES;
				COPY_PHASE_STRIP = NO;
				DEBUG_INFORMATION_FORMAT = dwarf;
				ENABLE_STRICT_OBJC_MSGSEND = YES;
				ENABLE_TESTABILITY = YES;
				GCC_C_LANGUAGE_STANDARD = gnu11;
				GCC_DYNAMIC_NO_PIC = NO;
				GCC_NO_COMMON_BLOCKS = YES;
				GCC_OPTIMIZATION_LEVEL = 0;
				GCC_PREPROCESSOR_DEFINITIONS = (
					"DEBUG=1",
					"$(inherited)",
				);
				GCC_WARN_64_TO_32_BIT_CONVERSION = YES;
				GCC_WARN_ABOUT_RETURN_TYPE = YES_ERROR;
				GCC_WARN_UNDECLARED_SELECTOR = YES;
				GCC_WARN_UNINITIALIZED_AUTOS = YES_AGGRESSIVE;
				GCC_WARN_UNUSED_FUNCTION = YES;
				GCC_WARN_UNUSED_VARIABLE = YES;
				IPHONEOS_DEPLOYMENT_TARGET = 14.0;
				MTL_ENABLE_DEBUG_INFO = INCLUDE_SOURCE;
				MTL_FAST_MATH = YES;
				ONLY_ACTIVE_ARCH = YES;
				SDKROOT = iphoneos;
				SWIFT_ACTIVE_COMPILATION_CONDITIONS = DEBUG;
				SWIFT_OPTIMIZATION_LEVEL = "-Onone";
			};
			name = Debug;
		};
		10D1ABFA25944B1E00A28A51 /* Release */ = {
			isa = XCBuildConfiguration;
			buildSettings = {
				ALWAYS_SEARCH_USER_PATHS = NO;
				CLANG_ANALYZER_NONNULL = YES;
				CLANG_ANALYZER_NUMBER_OBJECT_CONVERSION = YES_AGGRESSIVE;
				CLANG_CXX_LANGUAGE_STANDARD = "gnu++14";
				CLANG_CXX_LIBRARY = "libc++";
				CLANG_ENABLE_MODULES = YES;
				CLANG_ENABLE_OBJC_ARC = YES;
				CLANG_ENABLE_OBJC_WEAK = YES;
				CLANG_WARN_BLOCK_CAPTURE_AUTORELEASING = YES;
				CLANG_WARN_BOOL_CONVERSION = YES;
				CLANG_WARN_COMMA = YES;
				CLANG_WARN_CONSTANT_CONVERSION = YES;
				CLANG_WARN_DEPRECATED_OBJC_IMPLEMENTATIONS = YES;
				CLANG_WARN_DIRECT_OBJC_ISA_USAGE = YES_ERROR;
				CLANG_WARN_DOCUMENTATION_COMMENTS = YES;
				CLANG_WARN_EMPTY_BODY = YES;
				CLANG_WARN_ENUM_CONVERSION = YES;
				CLANG_WARN_INFINITE_RECURSION = YES;
				CLANG_WARN_INT_CONVERSION = YES;
				CLANG_WARN_NON_LITERAL_NULL_CONVERSION = YES;
				CLANG_WARN_OBJC_IMPLICIT_RETAIN_SELF = YES;
				CLANG_WARN_OBJC_LITERAL_CONVERSION = YES;
				CLANG_WARN_OBJC_ROOT_CLASS = YES_ERROR;
				CLANG_WARN_QUOTED_INCLUDE_IN_FRAMEWORK_HEADER = YES;
				CLANG_WARN_RANGE_LOOP_ANALYSIS = YES;
				CLANG_WARN_STRICT_PROTOTYPES = YES;
				CLANG_WARN_SUSPICIOUS_MOVE = YES;
				CLANG_WARN_UNGUARDED_AVAILABILITY = YES_AGGRESSIVE;
				CLANG_WARN_UNREACHABLE_CODE = YES;
				CLANG_WARN__DUPLICATE_METHOD_MATCH = YES;
				COPY_PHASE_STRIP = NO;
				DEBUG_INFORMATION_FORMAT = "dwarf-with-dsym";
				ENABLE_NS_ASSERTIONS = NO;
				ENABLE_STRICT_OBJC_MSGSEND = YES;
				GCC_C_LANGUAGE_STANDARD = gnu11;
				GCC_NO_COMMON_BLOCKS = YES;
				GCC_WARN_64_TO_32_BIT_CONVERSION = YES;
				GCC_WARN_ABOUT_RETURN_TYPE = YES_ERROR;
				GCC_WARN_UNDECLARED_SELECTOR = YES;
				GCC_WARN_UNINITIALIZED_AUTOS = YES_AGGRESSIVE;
				GCC_WARN_UNUSED_FUNCTION = YES;
				GCC_WARN_UNUSED_VARIABLE = YES;
				IPHONEOS_DEPLOYMENT_TARGET = 14.0;
				MTL_ENABLE_DEBUG_INFO = NO;
				MTL_FAST_MATH = YES;
				SDKROOT = iphoneos;
				SWIFT_COMPILATION_MODE = wholemodule;
				SWIFT_OPTIMIZATION_LEVEL = "-O";
				VALIDATE_PRODUCT = YES;
			};
			name = Release;
		};
		10D1ABFC25944B1E00A28A51 /* Debug */ = {
			isa = XCBuildConfiguration;
			baseConfigurationReference = E1AE6C03F78218706395B575 /* Pods-FireChat.debug.xcconfig */;
			buildSettings = {
				ASSETCATALOG_COMPILER_APPICON_NAME = AppIcon;
				ASSETCATALOG_COMPILER_GLOBAL_ACCENT_COLOR_NAME = AccentColor;
				CODE_SIGN_STYLE = Automatic;
				DEVELOPMENT_TEAM = 5W5HYDSXPX;
				INFOPLIST_FILE = FireChat/Info.plist;
				IPHONEOS_DEPLOYMENT_TARGET = 13.0;
				LD_RUNPATH_SEARCH_PATHS = (
					"$(inherited)",
					"@executable_path/Frameworks",
				);
				PRODUCT_BUNDLE_IDENTIFIER = com.Dayton.FireChat;
				PRODUCT_NAME = "$(TARGET_NAME)";
				SWIFT_VERSION = 5.0;
				TARGETED_DEVICE_FAMILY = 1;
			};
			name = Debug;
		};
		10D1ABFD25944B1E00A28A51 /* Release */ = {
			isa = XCBuildConfiguration;
			baseConfigurationReference = 6E0E8A6DF78499CB178C8020 /* Pods-FireChat.release.xcconfig */;
			buildSettings = {
				ASSETCATALOG_COMPILER_APPICON_NAME = AppIcon;
				ASSETCATALOG_COMPILER_GLOBAL_ACCENT_COLOR_NAME = AccentColor;
				CODE_SIGN_STYLE = Automatic;
				DEVELOPMENT_TEAM = 5W5HYDSXPX;
				INFOPLIST_FILE = FireChat/Info.plist;
				IPHONEOS_DEPLOYMENT_TARGET = 13.0;
				LD_RUNPATH_SEARCH_PATHS = (
					"$(inherited)",
					"@executable_path/Frameworks",
				);
				PRODUCT_BUNDLE_IDENTIFIER = com.Dayton.FireChat;
				PRODUCT_NAME = "$(TARGET_NAME)";
				SWIFT_VERSION = 5.0;
				TARGETED_DEVICE_FAMILY = 1;
			};
			name = Release;
		};
/* End XCBuildConfiguration section */

/* Begin XCConfigurationList section */
		10D1ABE225944B1D00A28A51 /* Build configuration list for PBXProject "FireChat" */ = {
			isa = XCConfigurationList;
			buildConfigurations = (
				10D1ABF925944B1E00A28A51 /* Debug */,
				10D1ABFA25944B1E00A28A51 /* Release */,
			);
			defaultConfigurationIsVisible = 0;
			defaultConfigurationName = Release;
		};
		10D1ABFB25944B1E00A28A51 /* Build configuration list for PBXNativeTarget "FireChat" */ = {
			isa = XCConfigurationList;
			buildConfigurations = (
				10D1ABFC25944B1E00A28A51 /* Debug */,
				10D1ABFD25944B1E00A28A51 /* Release */,
			);
			defaultConfigurationIsVisible = 0;
			defaultConfigurationName = Release;
		};
/* End XCConfigurationList section */
	};
	rootObject = 10D1ABDF25944B1D00A28A51 /* Project object */;
}
